
Microsoft Visual Studio Solution File, Format Version 12.00
# Visual Studio Version 17
VisualStudioVersion = 17.10.35013.160
MinimumVisualStudioVersion = 10.0.40219.1
Project("{9A19103F-16F7-4668-BE54-9A1E7A4F7556}") = "Greeter", "Greeter\Greeter.csproj", "{EF5A4026-A3AA-4C5E-B912-BC55510BB0D2}"
EndProject
Project("{2150E333-8FDC-42A3-9474-1A3956D46DE8}") = "M001-Vorstellung", "M001-Vorstellung", "{6841B619-307B-4A9F-AC29-BCC7A74B416A}"
	ProjectSection(SolutionItems) = preProject
		Greeter\Labs-PDFs.zip = Greeter\Labs-PDFs.zip
	EndProjectSection
EndProject
Project("{2150E333-8FDC-42A3-9474-1A3956D46DE8}") = "M002-Konfiguration", "M002-Konfiguration", "{A4BB8A87-74D1-4EF9-BCE5-949348ADB70C}"
EndProject
Project("{9A19103F-16F7-4668-BE54-9A1E7A4F7556}") = "HelloIoC", "HelloIoC\HelloIoC.csproj", "{BE803159-2D01-4BB9-8D1F-929E0AC5EB6E}"
EndProject
Project("{9A19103F-16F7-4668-BE54-9A1E7A4F7556}") = "HelloLogging", "HelloLogging\HelloLogging.csproj", "{8B540730-F6BE-4D65-ABA7-A7ED01AC4F6E}"
EndProject
Project("{2150E333-8FDC-42A3-9474-1A3956D46DE8}") = "Shared", "Shared", "{180A9A9E-83AD-49F0-A8E3-C4890ECED436}"
EndProject
Project("{FAE04EC0-301F-11D3-BF4B-00C04F79EFBC}") = "BusinessLogic", "BusinessLogic\BusinessLogic.csproj", "{2811AE06-FF62-4D9A-9F5A-59D4908BC03F}"
EndProject
Project("{FAE04EC0-301F-11D3-BF4B-00C04F79EFBC}") = "BusinessLogic.Test", "BusinessLogic.Test\BusinessLogic.Test.csproj", "{715FC323-193C-4F4A-88BC-E193DFA4A300}"
EndProject
Project("{2150E333-8FDC-42A3-9474-1A3956D46DE8}") = "M003-RecipeApp", "M003-RecipeApp", "{52133267-3A16-4248-A3AB-C9D1EAC42FD2}"
EndProject
Project("{FAE04EC0-301F-11D3-BF4B-00C04F79EFBC}") = "DemoMvcApp", "DemoMvcApp\DemoMvcApp.csproj", "{D81792C4-4ABB-417F-972C-62CDEF45C9E3}"
EndProject
Global
	GlobalSection(SolutionConfigurationPlatforms) = preSolution
		Debug|Any CPU = Debug|Any CPU
		Release|Any CPU = Release|Any CPU
	EndGlobalSection
	GlobalSection(ProjectConfigurationPlatforms) = postSolution
		{EF5A4026-A3AA-4C5E-B912-BC55510BB0D2}.Debug|Any CPU.ActiveCfg = Debug|Any CPU
		{EF5A4026-A3AA-4C5E-B912-BC55510BB0D2}.Debug|Any CPU.Build.0 = Debug|Any CPU
		{EF5A4026-A3AA-4C5E-B912-BC55510BB0D2}.Release|Any CPU.ActiveCfg = Release|Any CPU
		{EF5A4026-A3AA-4C5E-B912-BC55510BB0D2}.Release|Any CPU.Build.0 = Release|Any CPU
		{BE803159-2D01-4BB9-8D1F-929E0AC5EB6E}.Debug|Any CPU.ActiveCfg = Debug|Any CPU
		{BE803159-2D01-4BB9-8D1F-929E0AC5EB6E}.Debug|Any CPU.Build.0 = Debug|Any CPU
		{BE803159-2D01-4BB9-8D1F-929E0AC5EB6E}.Release|Any CPU.ActiveCfg = Release|Any CPU
		{BE803159-2D01-4BB9-8D1F-929E0AC5EB6E}.Release|Any CPU.Build.0 = Release|Any CPU
		{8B540730-F6BE-4D65-ABA7-A7ED01AC4F6E}.Debug|Any CPU.ActiveCfg = Debug|Any CPU
		{8B540730-F6BE-4D65-ABA7-A7ED01AC4F6E}.Debug|Any CPU.Build.0 = Debug|Any CPU
		{8B540730-F6BE-4D65-ABA7-A7ED01AC4F6E}.Release|Any CPU.ActiveCfg = Release|Any CPU
		{8B540730-F6BE-4D65-ABA7-A7ED01AC4F6E}.Release|Any CPU.Build.0 = Release|Any CPU
		{2811AE06-FF62-4D9A-9F5A-59D4908BC03F}.Debug|Any CPU.ActiveCfg = Debug|Any CPU
		{2811AE06-FF62-4D9A-9F5A-59D4908BC03F}.Debug|Any CPU.Build.0 = Debug|Any CPU
		{2811AE06-FF62-4D9A-9F5A-59D4908BC03F}.Release|Any CPU.ActiveCfg = Release|Any CPU
		{2811AE06-FF62-4D9A-9F5A-59D4908BC03F}.Release|Any CPU.Build.0 = Release|Any CPU
		{715FC323-193C-4F4A-88BC-E193DFA4A300}.Debug|Any CPU.ActiveCfg = Debug|Any CPU
		{715FC323-193C-4F4A-88BC-E193DFA4A300}.Debug|Any CPU.Build.0 = Debug|Any CPU
		{715FC323-193C-4F4A-88BC-E193DFA4A300}.Release|Any CPU.ActiveCfg = Release|Any CPU
		{715FC323-193C-4F4A-88BC-E193DFA4A300}.Release|Any CPU.Build.0 = Release|Any CPU
		{D81792C4-4ABB-417F-972C-62CDEF45C9E3}.Debug|Any CPU.ActiveCfg = Debug|Any CPU
		{D81792C4-4ABB-417F-972C-62CDEF45C9E3}.Debug|Any CPU.Build.0 = Debug|Any CPU
		{D81792C4-4ABB-417F-972C-62CDEF45C9E3}.Release|Any CPU.ActiveCfg = Release|Any CPU
		{D81792C4-4ABB-417F-972C-62CDEF45C9E3}.Release|Any CPU.Build.0 = Release|Any CPU
	EndGlobalSection
	GlobalSection(SolutionProperties) = preSolution
		HideSolutionNode = FALSE
	EndGlobalSection
	GlobalSection(NestedProjects) = preSolution
		{EF5A4026-A3AA-4C5E-B912-BC55510BB0D2} = {6841B619-307B-4A9F-AC29-BCC7A74B416A}
		{BE803159-2D01-4BB9-8D1F-929E0AC5EB6E} = {A4BB8A87-74D1-4EF9-BCE5-949348ADB70C}
		{8B540730-F6BE-4D65-ABA7-A7ED01AC4F6E} = {A4BB8A87-74D1-4EF9-BCE5-949348ADB70C}
		{2811AE06-FF62-4D9A-9F5A-59D4908BC03F} = {180A9A9E-83AD-49F0-A8E3-C4890ECED436}
		{715FC323-193C-4F4A-88BC-E193DFA4A300} = {180A9A9E-83AD-49F0-A8E3-C4890ECED436}
		{D81792C4-4ABB-417F-972C-62CDEF45C9E3} = {52133267-3A16-4248-A3AB-C9D1EAC42FD2}
	EndGlobalSection
	GlobalSection(ExtensibilityGlobals) = postSolution
		SolutionGuid = {0B3AB467-D0B3-4710-AA40-3F4B00294343}
	EndGlobalSection
EndGlobal
